
Microsoft Visual Studio Solution File, Format Version 12.00
# Visual Studio Version 16
VisualStudioVersion = 16.0.32002.261
MinimumVisualStudioVersion = 10.0.40219.1
Project("{9A19103F-16F7-4668-BE54-9A1E7A4F7556}") = "Kernel_of_curriculum", "Kernel_of_curriculum\Kernel_of_curriculum.csproj", "{D7507400-2DD5-4F14-9105-014389AA1115}"
EndProject
Global
	GlobalSection(SolutionConfigurationPlatforms) = preSolution
		Debug|Any CPU = Debug|Any CPU
		Release|Any CPU = Release|Any CPU
	EndGlobalSection
	GlobalSection(ProjectConfigurationPlatforms) = postSolution
		{D7507400-2DD5-4F14-9105-014389AA1115}.Debug|Any CPU.ActiveCfg = Debug|Any CPU
		{D7507400-2DD5-4F14-9105-014389AA1115}.Debug|Any CPU.Build.0 = Debug|Any CPU
		{D7507400-2DD5-4F14-9105-014389AA1115}.Release|Any CPU.ActiveCfg = Release|Any CPU
		{D7507400-2DD5-4F14-9105-014389AA1115}.Release|Any CPU.Build.0 = Release|Any CPU
	EndGlobalSection
	GlobalSection(SolutionProperties) = preSolution
		HideSolutionNode = FALSE
	EndGlobalSection
	GlobalSection(ExtensibilityGlobals) = postSolution
		SolutionGuid = {96DB63E0-EACC-4AA7-9B28-DC2F2BB0D586}
	EndGlobalSection
EndGlobal
